
Microsoft Visual Studio Solution File, Format Version 12.00
# Visual Studio Version 16
VisualStudioVersion = 16.0.29020.237
MinimumVisualStudioVersion = 10.0.40219.1
Project("{8BC9CEB8-8B4A-11D0-8D11-00A0C91BC942}") = "InputSimulator", "InputSimulator\InputSimulator.vcxproj", "{FB64A06D-6951-48BC-A99E-8F345387379C}"
EndProject
Project("{8BC9CEB8-8B4A-11D0-8D11-00A0C91BC942}") = "TextRecognizer", "TextRecognizer\TextRecognizer.vcxproj", "{D0224D28-D630-44C6-A57A-5E6E7F18B71C}"
EndProject
Project("{9A19103F-16F7-4668-BE54-9A1E7A4F7556}") = "AutoClick", "AutoClick\AutoClick.csproj", "{A97B1E88-5D59-4161-A2A2-D01B0D6990AA}"
EndProject
Project("{9A19103F-16F7-4668-BE54-9A1E7A4F7556}") = "AutoClick.Core", "AutoClick.Core\AutoClick.Core.csproj", "{14C57DBA-7D6E-42ED-B5A1-9A46AC58F353}"
EndProject
Project("{8BC9CEB8-8B4A-11D0-8D11-00A0C91BC942}") = "ScreenCapture", "ScreenCapture\ScreenCapture.vcxproj", "{41A7C346-E877-4219-95E5-17B94265BD9F}"
EndProject
Project("{930C7802-8A8C-48F9-8165-68863BCCD9DD}") = "AutoClick.Installer", "AutoClick.Installer\AutoClick.Installer.wixproj", "{F4CAD866-BE4E-4D26-8C36-898DDB9A9079}"
EndProject
Global
	GlobalSection(SolutionConfigurationPlatforms) = preSolution
		Debug|x64 = Debug|x64
		Debug|x86 = Debug|x86
		Release|x64 = Release|x64
		Release|x86 = Release|x86
	EndGlobalSection
	GlobalSection(ProjectConfigurationPlatforms) = postSolution
		{FB64A06D-6951-48BC-A99E-8F345387379C}.Debug|x64.ActiveCfg = Debug|x64
		{FB64A06D-6951-48BC-A99E-8F345387379C}.Debug|x64.Build.0 = Debug|x64
		{FB64A06D-6951-48BC-A99E-8F345387379C}.Debug|x86.ActiveCfg = Debug|Win32
		{FB64A06D-6951-48BC-A99E-8F345387379C}.Debug|x86.Build.0 = Debug|Win32
		{FB64A06D-6951-48BC-A99E-8F345387379C}.Release|x64.ActiveCfg = Release|x64
		{FB64A06D-6951-48BC-A99E-8F345387379C}.Release|x64.Build.0 = Release|x64
		{FB64A06D-6951-48BC-A99E-8F345387379C}.Release|x86.ActiveCfg = Release|Win32
		{FB64A06D-6951-48BC-A99E-8F345387379C}.Release|x86.Build.0 = Release|Win32
		{D0224D28-D630-44C6-A57A-5E6E7F18B71C}.Debug|x64.ActiveCfg = Debug|x64
		{D0224D28-D630-44C6-A57A-5E6E7F18B71C}.Debug|x64.Build.0 = Debug|x64
		{D0224D28-D630-44C6-A57A-5E6E7F18B71C}.Debug|x86.ActiveCfg = Debug|Win32
		{D0224D28-D630-44C6-A57A-5E6E7F18B71C}.Debug|x86.Build.0 = Debug|Win32
		{D0224D28-D630-44C6-A57A-5E6E7F18B71C}.Release|x64.ActiveCfg = Release|x64
		{D0224D28-D630-44C6-A57A-5E6E7F18B71C}.Release|x64.Build.0 = Release|x64
		{D0224D28-D630-44C6-A57A-5E6E7F18B71C}.Release|x86.ActiveCfg = Release|Win32
		{D0224D28-D630-44C6-A57A-5E6E7F18B71C}.Release|x86.Build.0 = Release|Win32
		{A97B1E88-5D59-4161-A2A2-D01B0D6990AA}.Debug|x64.ActiveCfg = Debug|x64
		{A97B1E88-5D59-4161-A2A2-D01B0D6990AA}.Debug|x64.Build.0 = Debug|x64
		{A97B1E88-5D59-4161-A2A2-D01B0D6990AA}.Debug|x86.ActiveCfg = Debug|x86
		{A97B1E88-5D59-4161-A2A2-D01B0D6990AA}.Debug|x86.Build.0 = Debug|x86
		{A97B1E88-5D59-4161-A2A2-D01B0D6990AA}.Release|x64.ActiveCfg = Release|x64
		{A97B1E88-5D59-4161-A2A2-D01B0D6990AA}.Release|x64.Build.0 = Release|x64
		{A97B1E88-5D59-4161-A2A2-D01B0D6990AA}.Release|x86.ActiveCfg = Release|x86
		{A97B1E88-5D59-4161-A2A2-D01B0D6990AA}.Release|x86.Build.0 = Release|x86
		{14C57DBA-7D6E-42ED-B5A1-9A46AC58F353}.Debug|x64.ActiveCfg = Debug|x64
		{14C57DBA-7D6E-42ED-B5A1-9A46AC58F353}.Debug|x64.Build.0 = Debug|x64
		{14C57DBA-7D6E-42ED-B5A1-9A46AC58F353}.Debug|x86.ActiveCfg = Debug|x86
		{14C57DBA-7D6E-42ED-B5A1-9A46AC58F353}.Debug|x86.Build.0 = Debug|x86
		{14C57DBA-7D6E-42ED-B5A1-9A46AC58F353}.Release|x64.ActiveCfg = Release|x64
		{14C57DBA-7D6E-42ED-B5A1-9A46AC58F353}.Release|x64.Build.0 = Release|x64
		{14C57DBA-7D6E-42ED-B5A1-9A46AC58F353}.Release|x86.ActiveCfg = Release|x86
		{14C57DBA-7D6E-42ED-B5A1-9A46AC58F353}.Release|x86.Build.0 = Release|x86
		{41A7C346-E877-4219-95E5-17B94265BD9F}.Debug|x64.ActiveCfg = Debug|x64
		{41A7C346-E877-4219-95E5-17B94265BD9F}.Debug|x64.Build.0 = Debug|x64
		{41A7C346-E877-4219-95E5-17B94265BD9F}.Debug|x86.ActiveCfg = Debug|Win32
		{41A7C346-E877-4219-95E5-17B94265BD9F}.Debug|x86.Build.0 = Debug|Win32
		{41A7C346-E877-4219-95E5-17B94265BD9F}.Release|x64.ActiveCfg = Release|x64
		{41A7C346-E877-4219-95E5-17B94265BD9F}.Release|x64.Build.0 = Release|x64
		{41A7C346-E877-4219-95E5-17B94265BD9F}.Release|x86.ActiveCfg = Release|Win32
		{41A7C346-E877-4219-95E5-17B94265BD9F}.Release|x86.Build.0 = Release|Win32
		{F4CAD866-BE4E-4D26-8C36-898DDB9A9079}.Debug|x64.ActiveCfg = Debug|x86
		{F4CAD866-BE4E-4D26-8C36-898DDB9A9079}.Debug|x86.ActiveCfg = Debug|x86
		{F4CAD866-BE4E-4D26-8C36-898DDB9A9079}.Debug|x86.Build.0 = Debug|x86
		{F4CAD866-BE4E-4D26-8C36-898DDB9A9079}.Release|x64.ActiveCfg = Release|x86
		{F4CAD866-BE4E-4D26-8C36-898DDB9A9079}.Release|x86.ActiveCfg = Release|x86
		{F4CAD866-BE4E-4D26-8C36-898DDB9A9079}.Release|x86.Build.0 = Release|x86
	EndGlobalSection
	GlobalSection(SolutionProperties) = preSolution
		HideSolutionNode = FALSE
	EndGlobalSection
	GlobalSection(ExtensibilityGlobals) = postSolution
		SolutionGuid = {1D625FD8-52EE-4FAB-98B6-7B8019E8BF30}
	EndGlobalSection
EndGlobal
